{
  "name": "angularjs",
  "version": "1.0.0",
  "lockfileVersion": 1,
  "requires": true,
  "dependencies": {
    "angular": {
      "version": "1.6.5",
      "resolved": "http://registry.npm.taobao.org/angular/download/angular-1.6.5.tgz",
      "dev": true
    },
    "angular-ui-router": {
      "version": "1.0.3",
      "resolved": "http://registry.npm.taobao.org/angular-ui-router/download/angular-ui-router-1.0.3.tgz",
      "dev": true,
      "requires": {
        "@uirouter/core": "5.0.3"
      },
      "dependencies": {
        "@uirouter/core": {
          "version": "5.0.3",
          "resolved": "http://registry.npm.taobao.org/@uirouter/core/download/@uirouter/core-5.0.3.tgz",
          "dev": true
        }
      }
    },
    "bootstrap": {
      "version": "3.3.7",
      "resolved": "http://registry.npm.taobao.org/bootstrap/download/bootstrap-3.3.7.tgz"
    },
    "jquery": {
      "version": "3.2.1",
      "resolved": "http://registry.npm.taobao.org/jquery/download/jquery-3.2.1.tgz"
    }
  }
}
